
Microsoft Visual Studio Solution File, Format Version 12.00
# Visual Studio Version 17
VisualStudioVersion = 17.2.32519.379
MinimumVisualStudioVersion = 10.0.40219.1
Project("{FAE04EC0-301F-11D3-BF4B-00C04F79EFBC}") = "EasyNutrition.API", "EasyNutrition.API\EasyNutrition.API.csproj", "{E32DE32A-7E56-40BD-A316-1A329E8442FC}"
EndProject
Global
	GlobalSection(SolutionConfigurationPlatforms) = preSolution
		Debug|Any CPU = Debug|Any CPU
		Release|Any CPU = Release|Any CPU
	EndGlobalSection
	GlobalSection(ProjectConfigurationPlatforms) = postSolution
		{E32DE32A-7E56-40BD-A316-1A329E8442FC}.Debug|Any CPU.ActiveCfg = Debug|Any CPU
		{E32DE32A-7E56-40BD-A316-1A329E8442FC}.Debug|Any CPU.Build.0 = Debug|Any CPU
		{E32DE32A-7E56-40BD-A316-1A329E8442FC}.Release|Any CPU.ActiveCfg = Release|Any CPU
		{E32DE32A-7E56-40BD-A316-1A329E8442FC}.Release|Any CPU.Build.0 = Release|Any CPU
	EndGlobalSection
	GlobalSection(SolutionProperties) = preSolution
		HideSolutionNode = FALSE
	EndGlobalSection
	GlobalSection(ExtensibilityGlobals) = postSolution
		SolutionGuid = {A44E989B-738D-460A-A34B-8B182FDEB50F}
	EndGlobalSection
EndGlobal
